// !$*UTF8*$!
{
	archiveVersion = 1;
	classes = {
	};
	objectVersion = 46;
	objects = {

/* Begin PBXBuildFile section */
		088CBF29A3801E180560C88B /* Pods_CommunicationSampleConferenceApp.framework in Frameworks */ = {isa = PBXBuildFile; fileRef = AC2840B08EC537F4AED060FD /* Pods_CommunicationSampleConferenceApp.framework */; };
		3E8017E2207E3C36008925EE /* CSCall+Additions.m in Sources */ = {isa = PBXBuildFile; fileRef = 3E8017E1207E3C36008925EE /* CSCall+Additions.m */; };
		9BCBD5E123F0F94B00E6B9A2 /* UIViewController+AutoRotation.m in Sources */ = {isa = PBXBuildFile; fileRef = 9BCBD5DF23F0F94B00E6B9A2 /* UIViewController+AutoRotation.m */; };
		DB1244881DD5905800350476 /* Constants.m in Sources */ = {isa = PBXBuildFile; fileRef = DB1244871DD5905800350476 /* Constants.m */; };
		DB2DFEB71DA282FA000D5E4E /* AboutViewController.m in Sources */ = {isa = PBXBuildFile; fileRef = DB2DFEB61DA282FA000D5E4E /* AboutViewController.m */; };
		DB4DCFC01D73F44300274E16 /* ConferenceControlViewController.m in Sources */ = {isa = PBXBuildFile; fileRef = DB4DCFBF1D73F44300274E16 /* ConferenceControlViewController.m */; };
		DB891A501D6B3B8F00245F57 /* Main.storyboard in Resources */ = {isa = PBXBuildFile; fileRef = DB891A4E1D6B3B8F00245F57 /* Main.storyboard */; };
		DF50643B2206CF30000E0491 /* HTTPCallServiceViewController.m in Sources */ = {isa = PBXBuildFile; fileRef = DF50643A2206CF2F000E0491 /* HTTPCallServiceViewController.m */; };
		EEA458BE1D2BC88E00265E85 /* NotificationHelper.m in Sources */ = {isa = PBXBuildFile; fileRef = EEA458BB1D2BC88E00265E85 /* NotificationHelper.m */; };
		EEA458C61D2BC8DB00265E85 /* AppDelegate.m in Sources */ = {isa = PBXBuildFile; fileRef = EEA458C11D2BC8DB00265E85 /* AppDelegate.m */; };
		EEA458C71D2BC8DB00265E85 /* Assets.xcassets in Resources */ = {isa = PBXBuildFile; fileRef = EEA458C21D2BC8DB00265E85 /* Assets.xcassets */; };
		EEA458D11D2BC92D00265E85 /* ClientCredentialProvider.m in Sources */ = {isa = PBXBuildFile; fileRef = EEA458CC1D2BC92D00265E85 /* ClientCredentialProvider.m */; };
		EEA458D21D2BC92D00265E85 /* MediaManager.m in Sources */ = {isa = PBXBuildFile; fileRef = EEA458CE1D2BC92D00265E85 /* MediaManager.m */; };
		EEA458D31D2BC92D00265E85 /* SDKManager.m in Sources */ = {isa = PBXBuildFile; fileRef = EEA458D01D2BC92D00265E85 /* SDKManager.m */; };
		EEA458D71D2BC9D200265E85 /* ConfigData.m in Sources */ = {isa = PBXBuildFile; fileRef = EEA458D61D2BC9D200265E85 /* ConfigData.m */; };
		EEA458EA1D2BCA0D00265E85 /* ActiveCallViewController.m in Sources */ = {isa = PBXBuildFile; fileRef = EEA458D91D2BCA0D00265E85 /* ActiveCallViewController.m */; };
		EEA458F41D2BCA2D00265E85 /* main.m in Sources */ = {isa = PBXBuildFile; fileRef = EEA458F31D2BCA2D00265E85 /* main.m */; };
		EEEE10351D473CA800980F46 /* reorder.wav in Resources */ = {isa = PBXBuildFile; fileRef = EEEE10131D473CA800980F46 /* reorder.wav */; };
		EEEE10371D473CA800980F46 /* ringback.wav in Resources */ = {isa = PBXBuildFile; fileRef = EEEE10151D473CA800980F46 /* ringback.wav */; };
		EEEE10471D474D8800980F46 /* LaunchScreen.storyboard in Resources */ = {isa = PBXBuildFile; fileRef = EEEE10431D474D8800980F46 /* LaunchScreen.storyboard */; };
		EEEE10621D4B7C9E00980F46 /* VideoView.m in Sources */ = {isa = PBXBuildFile; fileRef = EEEE10611D4B7C9E00980F46 /* VideoView.m */; };
		F087F31B23EE9E09004FBB4A /* AvayaClientServices.framework in Frameworks */ = {isa = PBXBuildFile; fileRef = F087F31723EE9DBC004FBB4A /* AvayaClientServices.framework */; };
		F087F31C23EE9E09004FBB4A /* AvayaClientServices.framework in Embed Frameworks */ = {isa = PBXBuildFile; fileRef = F087F31723EE9DBC004FBB4A /* AvayaClientServices.framework */; settings = {ATTRIBUTES = (CodeSignOnCopy, RemoveHeadersOnCopy, ); }; };
		F087F31D23EE9E22004FBB4A /* RVVideoCodec.framework in Frameworks */ = {isa = PBXBuildFile; fileRef = F087F31523EE9DB1004FBB4A /* RVVideoCodec.framework */; };
		F087F31E23EE9E22004FBB4A /* RVVideoCodec.framework in Embed Frameworks */ = {isa = PBXBuildFile; fileRef = F087F31523EE9DB1004FBB4A /* RVVideoCodec.framework */; settings = {ATTRIBUTES = (CodeSignOnCopy, RemoveHeadersOnCopy, ); }; };
		F087F31F23EE9E30004FBB4A /* AvayaClientMedia.framework in Frameworks */ = {isa = PBXBuildFile; fileRef = F087F31923EE9DC2004FBB4A /* AvayaClientMedia.framework */; };
		F087F32023EE9E30004FBB4A /* AvayaClientMedia.framework in Embed Frameworks */ = {isa = PBXBuildFile; fileRef = F087F31923EE9DC2004FBB4A /* AvayaClientMedia.framework */; settings = {ATTRIBUTES = (CodeSignOnCopy, RemoveHeadersOnCopy, ); }; };
		F087F32523F03311004FBB4A /* CTRegex.m in Sources */ = {isa = PBXBuildFile; fileRef = F087F32423F03311004FBB4A /* CTRegex.m */; };
		F087F32823F157BA004FBB4A /* GNAudio.m in Sources */ = {isa = PBXBuildFile; fileRef = F087F32723F157BA004FBB4A /* GNAudio.m */; };
		F087F32A23F16942004FBB4A /* PgySDK.framework in Frameworks */ = {isa = PBXBuildFile; fileRef = F087F32923F16942004FBB4A /* PgySDK.framework */; };
		F087F32C23F1694C004FBB4A /* PgyUpdate.framework in Frameworks */ = {isa = PBXBuildFile; fileRef = F087F32B23F1694C004FBB4A /* PgyUpdate.framework */; };
		F087F32E23F16994004FBB4A /* CoreTelephony.framework in Frameworks */ = {isa = PBXBuildFile; fileRef = F087F32D23F16994004FBB4A /* CoreTelephony.framework */; };
		F087F33023F169A4004FBB4A /* SystemConfiguration.framework in Frameworks */ = {isa = PBXBuildFile; fileRef = F087F32F23F169A4004FBB4A /* SystemConfiguration.framework */; };
		F087F33223F169B0004FBB4A /* AudioToolbox.framework in Frameworks */ = {isa = PBXBuildFile; fileRef = F087F33123F169B0004FBB4A /* AudioToolbox.framework */; };
		F087F33423F169BC004FBB4A /* AVFoundation.framework in Frameworks */ = {isa = PBXBuildFile; fileRef = F087F33323F169BC004FBB4A /* AVFoundation.framework */; };
		F087F33623F169E0004FBB4A /* OpenGLES.framework in Frameworks */ = {isa = PBXBuildFile; fileRef = F087F33523F169E0004FBB4A /* OpenGLES.framework */; };
		F087F33823F169F2004FBB4A /* CoreMotion.framework in Frameworks */ = {isa = PBXBuildFile; fileRef = F087F33723F169F2004FBB4A /* CoreMotion.framework */; };
		F087F35B23F17F2E004FBB4A /* AFURLResponseSerialization.m in Sources */ = {isa = PBXBuildFile; fileRef = F087F35223F17F2E004FBB4A /* AFURLResponseSerialization.m */; };
		F087F35C23F17F2E004FBB4A /* AFHTTPSessionManager.m in Sources */ = {isa = PBXBuildFile; fileRef = F087F35323F17F2E004FBB4A /* AFHTTPSessionManager.m */; };
		F087F35D23F17F2E004FBB4A /* AFURLSessionManager.m in Sources */ = {isa = PBXBuildFile; fileRef = F087F35523F17F2E004FBB4A /* AFURLSessionManager.m */; };
		F087F35E23F17F2E004FBB4A /* AFURLRequestSerialization.m in Sources */ = {isa = PBXBuildFile; fileRef = F087F35623F17F2E004FBB4A /* AFURLRequestSerialization.m */; };
		F087F35F23F17F2E004FBB4A /* AFNetworkReachabilityManager.m in Sources */ = {isa = PBXBuildFile; fileRef = F087F35823F17F2E004FBB4A /* AFNetworkReachabilityManager.m */; };
		F087F36023F17F2E004FBB4A /* AFSecurityPolicy.m in Sources */ = {isa = PBXBuildFile; fileRef = F087F35923F17F2E004FBB4A /* AFSecurityPolicy.m */; };
/* End PBXBuildFile section */

/* Begin PBXCopyFilesBuildPhase section */
		EEA458471D192E3600265E85 /* Embed Frameworks */ = {
			isa = PBXCopyFilesBuildPhase;
			buildActionMask = 2147483647;
			dstPath = "";
			dstSubfolderSpec = 10;
			files = (
				F087F31C23EE9E09004FBB4A /* AvayaClientServices.framework in Embed Frameworks */,
				F087F31E23EE9E22004FBB4A /* RVVideoCodec.framework in Embed Frameworks */,
				F087F32023EE9E30004FBB4A /* AvayaClientMedia.framework in Embed Frameworks */,
			);
			name = "Embed Frameworks";
			runOnlyForDeploymentPostprocessing = 0;
		};
/* End PBXCopyFilesBuildPhase section */

/* Begin PBXFileReference section */
		3E8017E0207E3C35008925EE /* CSCall+Additions.h */ = {isa = PBXFileReference; fileEncoding = 4; lastKnownFileType = sourcecode.c.h; path = "CSCall+Additions.h"; sourceTree = "<group>"; };
		3E8017E1207E3C36008925EE /* CSCall+Additions.m */ = {isa = PBXFileReference; fileEncoding = 4; lastKnownFileType = sourcecode.c.objc; path = "CSCall+Additions.m"; sourceTree = "<group>"; };
		3FA8824EA688CB1D45CEE0F6 /* Pods-CommunicationSampleConferenceApp.debug.xcconfig */ = {isa = PBXFileReference; includeInIndex = 1; lastKnownFileType = text.xcconfig; name = "Pods-CommunicationSampleConferenceApp.debug.xcconfig"; path = "Target Support Files/Pods-CommunicationSampleConferenceApp/Pods-CommunicationSampleConferenceApp.debug.xcconfig"; sourceTree = "<group>"; };
		9BCBD5DE23F0F94B00E6B9A2 /* UIViewController+AutoRotation.h */ = {isa = PBXFileReference; fileEncoding = 4; lastKnownFileType = sourcecode.c.h; path = "UIViewController+AutoRotation.h"; sourceTree = "<group>"; };
		9BCBD5DF23F0F94B00E6B9A2 /* UIViewController+AutoRotation.m */ = {isa = PBXFileReference; fileEncoding = 4; lastKnownFileType = sourcecode.c.objc; path = "UIViewController+AutoRotation.m"; sourceTree = "<group>"; };
		9BCBD5E023F0F94B00E6B9A2 /* AutoRotation.h */ = {isa = PBXFileReference; fileEncoding = 4; lastKnownFileType = sourcecode.c.h; path = AutoRotation.h; sourceTree = "<group>"; };
		AC2840B08EC537F4AED060FD /* Pods_CommunicationSampleConferenceApp.framework */ = {isa = PBXFileReference; explicitFileType = wrapper.framework; includeInIndex = 0; path = Pods_CommunicationSampleConferenceApp.framework; sourceTree = BUILT_PRODUCTS_DIR; };
		DB1244861DD5905800350476 /* Constants.h */ = {isa = PBXFileReference; fileEncoding = 4; lastKnownFileType = sourcecode.c.h; path = Constants.h; sourceTree = "<group>"; };
		DB1244871DD5905800350476 /* Constants.m */ = {isa = PBXFileReference; fileEncoding = 4; lastKnownFileType = sourcecode.c.objc; path = Constants.m; sourceTree = "<group>"; };
		DB2DFEB51DA282FA000D5E4E /* AboutViewController.h */ = {isa = PBXFileReference; fileEncoding = 4; lastKnownFileType = sourcecode.c.h; path = AboutViewController.h; sourceTree = "<group>"; };
		DB2DFEB61DA282FA000D5E4E /* AboutViewController.m */ = {isa = PBXFileReference; fileEncoding = 4; lastKnownFileType = sourcecode.c.objc; path = AboutViewController.m; sourceTree = "<group>"; };
		DB4DCFBE1D73F44300274E16 /* ConferenceControlViewController.h */ = {isa = PBXFileReference; fileEncoding = 4; lastKnownFileType = sourcecode.c.h; path = ConferenceControlViewController.h; sourceTree = "<group>"; };
		DB4DCFBF1D73F44300274E16 /* ConferenceControlViewController.m */ = {isa = PBXFileReference; fileEncoding = 4; lastKnownFileType = sourcecode.c.objc; path = ConferenceControlViewController.m; sourceTree = "<group>"; };
		DB891A4F1D6B3B8F00245F57 /* Base */ = {isa = PBXFileReference; lastKnownFileType = file.storyboard; name = Base; path = Base.lproj/Main.storyboard; sourceTree = "<group>"; };
		DF5064392206CF2F000E0491 /* HTTPCallServiceViewController.h */ = {isa = PBXFileReference; fileEncoding = 4; lastKnownFileType = sourcecode.c.h; path = HTTPCallServiceViewController.h; sourceTree = "<group>"; };
		DF50643A2206CF2F000E0491 /* HTTPCallServiceViewController.m */ = {isa = PBXFileReference; fileEncoding = 4; lastKnownFileType = sourcecode.c.objc; path = HTTPCallServiceViewController.m; sourceTree = "<group>"; };
		E63B7EED858164381E078A60 /* Pods-CommunicationSampleConferenceApp.release.xcconfig */ = {isa = PBXFileReference; includeInIndex = 1; lastKnownFileType = text.xcconfig; name = "Pods-CommunicationSampleConferenceApp.release.xcconfig"; path = "Target Support Files/Pods-CommunicationSampleConferenceApp/Pods-CommunicationSampleConferenceApp.release.xcconfig"; sourceTree = "<group>"; };
		EE5010B91D0AD94B006552A7 /* 雷神山探视.app */ = {isa = PBXFileReference; explicitFileType = wrapper.application; includeInIndex = 0; path = "雷神山探视.app"; sourceTree = BUILT_PRODUCTS_DIR; };
		EEA458BA1D2BC88E00265E85 /* NotificationHelper.h */ = {isa = PBXFileReference; fileEncoding = 4; lastKnownFileType = sourcecode.c.h; name = NotificationHelper.h; path = CommunicationSampleConferenceApp/NotificationHelper.h; sourceTree = SOURCE_ROOT; };
		EEA458BB1D2BC88E00265E85 /* NotificationHelper.m */ = {isa = PBXFileReference; fileEncoding = 4; lastKnownFileType = sourcecode.c.objc; name = NotificationHelper.m; path = CommunicationSampleConferenceApp/NotificationHelper.m; sourceTree = SOURCE_ROOT; };
		EEA458C01D2BC8DB00265E85 /* AppDelegate.h */ = {isa = PBXFileReference; fileEncoding = 4; lastKnownFileType = sourcecode.c.h; name = AppDelegate.h; path = CommunicationSampleConferenceApp/AppDelegate.h; sourceTree = SOURCE_ROOT; };
		EEA458C11D2BC8DB00265E85 /* AppDelegate.m */ = {isa = PBXFileReference; fileEncoding = 4; lastKnownFileType = sourcecode.c.objc; name = AppDelegate.m; path = CommunicationSampleConferenceApp/AppDelegate.m; sourceTree = SOURCE_ROOT; };
		EEA458C21D2BC8DB00265E85 /* Assets.xcassets */ = {isa = PBXFileReference; lastKnownFileType = folder.assetcatalog; name = Assets.xcassets; path = CommunicationSampleConferenceApp/Assets.xcassets; sourceTree = SOURCE_ROOT; };
		EEA458C31D2BC8DB00265E85 /* Info.plist */ = {isa = PBXFileReference; fileEncoding = 4; lastKnownFileType = text.plist.xml; name = Info.plist; path = CommunicationSampleConferenceApp/Info.plist; sourceTree = SOURCE_ROOT; };
		EEA458CB1D2BC92D00265E85 /* ClientCredentialProvider.h */ = {isa = PBXFileReference; fileEncoding = 4; lastKnownFileType = sourcecode.c.h; name = ClientCredentialProvider.h; path = CommunicationSampleConferenceApp/ClientCredentialProvider.h; sourceTree = SOURCE_ROOT; };
		EEA458CC1D2BC92D00265E85 /* ClientCredentialProvider.m */ = {isa = PBXFileReference; fileEncoding = 4; lastKnownFileType = sourcecode.c.objc; name = ClientCredentialProvider.m; path = CommunicationSampleConferenceApp/ClientCredentialProvider.m; sourceTree = SOURCE_ROOT; };
		EEA458CD1D2BC92D00265E85 /* MediaManager.h */ = {isa = PBXFileReference; fileEncoding = 4; lastKnownFileType = sourcecode.c.h; name = MediaManager.h; path = CommunicationSampleConferenceApp/MediaManager.h; sourceTree = SOURCE_ROOT; };
		EEA458CE1D2BC92D00265E85 /* MediaManager.m */ = {isa = PBXFileReference; fileEncoding = 4; lastKnownFileType = sourcecode.c.objc; name = MediaManager.m; path = CommunicationSampleConferenceApp/MediaManager.m; sourceTree = SOURCE_ROOT; };
		EEA458CF1D2BC92D00265E85 /* SDKManager.h */ = {isa = PBXFileReference; fileEncoding = 4; lastKnownFileType = sourcecode.c.h; name = SDKManager.h; path = CommunicationSampleConferenceApp/SDKManager.h; sourceTree = SOURCE_ROOT; };
		EEA458D01D2BC92D00265E85 /* SDKManager.m */ = {isa = PBXFileReference; fileEncoding = 4; lastKnownFileType = sourcecode.c.objc; name = SDKManager.m; path = CommunicationSampleConferenceApp/SDKManager.m; sourceTree = SOURCE_ROOT; };
		EEA458D51D2BC9D200265E85 /* ConfigData.h */ = {isa = PBXFileReference; fileEncoding = 4; lastKnownFileType = sourcecode.c.h; name = ConfigData.h; path = CommunicationSampleConferenceApp/ConfigData.h; sourceTree = SOURCE_ROOT; };
		EEA458D61D2BC9D200265E85 /* ConfigData.m */ = {isa = PBXFileReference; fileEncoding = 4; lastKnownFileType = sourcecode.c.objc; name = ConfigData.m; path = CommunicationSampleConferenceApp/ConfigData.m; sourceTree = SOURCE_ROOT; };
		EEA458D81D2BCA0D00265E85 /* ActiveCallViewController.h */ = {isa = PBXFileReference; fileEncoding = 4; lastKnownFileType = sourcecode.c.h; name = ActiveCallViewController.h; path = CommunicationSampleConferenceApp/ActiveCallViewController.h; sourceTree = SOURCE_ROOT; };
		EEA458D91D2BCA0D00265E85 /* ActiveCallViewController.m */ = {isa = PBXFileReference; fileEncoding = 4; lastKnownFileType = sourcecode.c.objc; name = ActiveCallViewController.m; path = CommunicationSampleConferenceApp/ActiveCallViewController.m; sourceTree = SOURCE_ROOT; };
		EEA458F31D2BCA2D00265E85 /* main.m */ = {isa = PBXFileReference; fileEncoding = 4; lastKnownFileType = sourcecode.c.objc; name = main.m; path = CommunicationSampleConferenceApp/main.m; sourceTree = SOURCE_ROOT; };
		EEEE10131D473CA800980F46 /* reorder.wav */ = {isa = PBXFileReference; lastKnownFileType = audio.wav; name = reorder.wav; path = Resources/Audio/reorder.wav; sourceTree = "<group>"; };
		EEEE10151D473CA800980F46 /* ringback.wav */ = {isa = PBXFileReference; lastKnownFileType = audio.wav; name = ringback.wav; path = Resources/Audio/ringback.wav; sourceTree = "<group>"; };
		EEEE10441D474D8800980F46 /* Base */ = {isa = PBXFileReference; lastKnownFileType = file.storyboard; name = Base; path = Base.lproj/LaunchScreen.storyboard; sourceTree = "<group>"; };
		EEEE10601D4B7C9E00980F46 /* VideoView.h */ = {isa = PBXFileReference; fileEncoding = 4; lastKnownFileType = sourcecode.c.h; path = VideoView.h; sourceTree = "<group>"; };
		EEEE10611D4B7C9E00980F46 /* VideoView.m */ = {isa = PBXFileReference; fileEncoding = 4; lastKnownFileType = sourcecode.c.objc; path = VideoView.m; sourceTree = "<group>"; };
		F087F31523EE9DB1004FBB4A /* RVVideoCodec.framework */ = {isa = PBXFileReference; lastKnownFileType = wrapper.framework; path = RVVideoCodec.framework; sourceTree = "<group>"; };
		F087F31723EE9DBC004FBB4A /* AvayaClientServices.framework */ = {isa = PBXFileReference; lastKnownFileType = wrapper.framework; path = AvayaClientServices.framework; sourceTree = "<group>"; };
		F087F31923EE9DC2004FBB4A /* AvayaClientMedia.framework */ = {isa = PBXFileReference; lastKnownFileType = wrapper.framework; path = AvayaClientMedia.framework; sourceTree = "<group>"; };
		F087F32323F03308004FBB4A /* CTRegex.h */ = {isa = PBXFileReference; lastKnownFileType = sourcecode.c.h; path = CTRegex.h; sourceTree = "<group>"; };
		F087F32423F03311004FBB4A /* CTRegex.m */ = {isa = PBXFileReference; fileEncoding = 4; lastKnownFileType = sourcecode.c.objc; path = CTRegex.m; sourceTree = "<group>"; };
		F087F32623F157B3004FBB4A /* GNAudio.h */ = {isa = PBXFileReference; lastKnownFileType = sourcecode.c.h; path = GNAudio.h; sourceTree = "<group>"; };
		F087F32723F157BA004FBB4A /* GNAudio.m */ = {isa = PBXFileReference; fileEncoding = 4; lastKnownFileType = sourcecode.c.objc; path = GNAudio.m; sourceTree = "<group>"; };
		F087F32923F16942004FBB4A /* PgySDK.framework */ = {isa = PBXFileReference; lastKnownFileType = wrapper.framework; path = PgySDK.framework; sourceTree = "<group>"; };
		F087F32B23F1694C004FBB4A /* PgyUpdate.framework */ = {isa = PBXFileReference; lastKnownFileType = wrapper.framework; path = PgyUpdate.framework; sourceTree = "<group>"; };
		F087F32D23F16994004FBB4A /* CoreTelephony.framework */ = {isa = PBXFileReference; lastKnownFileType = wrapper.framework; name = CoreTelephony.framework; path = System/Library/Frameworks/CoreTelephony.framework; sourceTree = SDKROOT; };
		F087F32F23F169A4004FBB4A /* SystemConfiguration.framework */ = {isa = PBXFileReference; lastKnownFileType = wrapper.framework; name = SystemConfiguration.framework; path = System/Library/Frameworks/SystemConfiguration.framework; sourceTree = SDKROOT; };
		F087F33123F169B0004FBB4A /* AudioToolbox.framework */ = {isa = PBXFileReference; lastKnownFileType = wrapper.framework; name = AudioToolbox.framework; path = System/Library/Frameworks/AudioToolbox.framework; sourceTree = SDKROOT; };
		F087F33323F169BC004FBB4A /* AVFoundation.framework */ = {isa = PBXFileReference; lastKnownFileType = wrapper.framework; name = AVFoundation.framework; path = System/Library/Frameworks/AVFoundation.framework; sourceTree = SDKROOT; };
		F087F33523F169E0004FBB4A /* OpenGLES.framework */ = {isa = PBXFileReference; lastKnownFileType = wrapper.framework; name = OpenGLES.framework; path = System/Library/Frameworks/OpenGLES.framework; sourceTree = SDKROOT; };
		F087F33723F169F2004FBB4A /* CoreMotion.framework */ = {isa = PBXFileReference; lastKnownFileType = wrapper.framework; name = CoreMotion.framework; path = System/Library/Frameworks/CoreMotion.framework; sourceTree = SDKROOT; };
		F087F34E23F17F2E004FBB4A /* AFSecurityPolicy.h */ = {isa = PBXFileReference; fileEncoding = 4; lastKnownFileType = sourcecode.c.h; path = AFSecurityPolicy.h; sourceTree = "<group>"; };
		F087F34F23F17F2E004FBB4A /* AFNetworkReachabilityManager.h */ = {isa = PBXFileReference; fileEncoding = 4; lastKnownFileType = sourcecode.c.h; path = AFNetworkReachabilityManager.h; sourceTree = "<group>"; };
		F087F35023F17F2E004FBB4A /* AFURLSessionManager.h */ = {isa = PBXFileReference; fileEncoding = 4; lastKnownFileType = sourcecode.c.h; path = AFURLSessionManager.h; sourceTree = "<group>"; };
		F087F35123F17F2E004FBB4A /* AFURLRequestSerialization.h */ = {isa = PBXFileReference; fileEncoding = 4; lastKnownFileType = sourcecode.c.h; path = AFURLRequestSerialization.h; sourceTree = "<group>"; };
		F087F35223F17F2E004FBB4A /* AFURLResponseSerialization.m */ = {isa = PBXFileReference; fileEncoding = 4; lastKnownFileType = sourcecode.c.objc; path = AFURLResponseSerialization.m; sourceTree = "<group>"; };
		F087F35323F17F2E004FBB4A /* AFHTTPSessionManager.m */ = {isa = PBXFileReference; fileEncoding = 4; lastKnownFileType = sourcecode.c.objc; path = AFHTTPSessionManager.m; sourceTree = "<group>"; };
		F087F35423F17F2E004FBB4A /* AFURLResponseSerialization.h */ = {isa = PBXFileReference; fileEncoding = 4; lastKnownFileType = sourcecode.c.h; path = AFURLResponseSerialization.h; sourceTree = "<group>"; };
		F087F35523F17F2E004FBB4A /* AFURLSessionManager.m */ = {isa = PBXFileReference; fileEncoding = 4; lastKnownFileType = sourcecode.c.objc; path = AFURLSessionManager.m; sourceTree = "<group>"; };
		F087F35623F17F2E004FBB4A /* AFURLRequestSerialization.m */ = {isa = PBXFileReference; fileEncoding = 4; lastKnownFileType = sourcecode.c.objc; path = AFURLRequestSerialization.m; sourceTree = "<group>"; };
		F087F35723F17F2E004FBB4A /* AFNetworking.h */ = {isa = PBXFileReference; fileEncoding = 4; lastKnownFileType = sourcecode.c.h; path = AFNetworking.h; sourceTree = "<group>"; };
		F087F35823F17F2E004FBB4A /* AFNetworkReachabilityManager.m */ = {isa = PBXFileReference; fileEncoding = 4; lastKnownFileType = sourcecode.c.objc; path = AFNetworkReachabilityManager.m; sourceTree = "<group>"; };
		F087F35923F17F2E004FBB4A /* AFSecurityPolicy.m */ = {isa = PBXFileReference; fileEncoding = 4; lastKnownFileType = sourcecode.c.objc; path = AFSecurityPolicy.m; sourceTree = "<group>"; };
		F087F35A23F17F2E004FBB4A /* AFHTTPSessionManager.h */ = {isa = PBXFileReference; fileEncoding = 4; lastKnownFileType = sourcecode.c.h; path = AFHTTPSessionManager.h; sourceTree = "<group>"; };
/* End PBXFileReference section */

/* Begin PBXFrameworksBuildPhase section */
		EE5010B61D0AD94B006552A7 /* Frameworks */ = {
			isa = PBXFrameworksBuildPhase;
			buildActionMask = 2147483647;
			files = (
				F087F33823F169F2004FBB4A /* CoreMotion.framework in Frameworks */,
				F087F33623F169E0004FBB4A /* OpenGLES.framework in Frameworks */,
				F087F33423F169BC004FBB4A /* AVFoundation.framework in Frameworks */,
				F087F33223F169B0004FBB4A /* AudioToolbox.framework in Frameworks */,
				F087F33023F169A4004FBB4A /* SystemConfiguration.framework in Frameworks */,
				F087F32E23F16994004FBB4A /* CoreTelephony.framework in Frameworks */,
				F087F32C23F1694C004FBB4A /* PgyUpdate.framework in Frameworks */,
				F087F32A23F16942004FBB4A /* PgySDK.framework in Frameworks */,
				F087F31D23EE9E22004FBB4A /* RVVideoCodec.framework in Frameworks */,
				F087F31B23EE9E09004FBB4A /* AvayaClientServices.framework in Frameworks */,
				F087F31F23EE9E30004FBB4A /* AvayaClientMedia.framework in Frameworks */,
				088CBF29A3801E180560C88B /* Pods_CommunicationSampleConferenceApp.framework in Frameworks */,
			);
			runOnlyForDeploymentPostprocessing = 0;
		};
/* End PBXFrameworksBuildPhase section */

/* Begin PBXGroup section */
		88CE87EFE34F1AA2858DFF90 /* Pods */ = {
			isa = PBXGroup;
			children = (
				3FA8824EA688CB1D45CEE0F6 /* Pods-CommunicationSampleConferenceApp.debug.xcconfig */,
				E63B7EED858164381E078A60 /* Pods-CommunicationSampleConferenceApp.release.xcconfig */,
			);
			path = Pods;
			sourceTree = "<group>";
		};
		9BCBD5DC23F0F93100E6B9A2 /* lib */ = {
			isa = PBXGroup;
			children = (
				9BCBD5DD23F0F94B00E6B9A2 /* AutoRotation */,
			);
			path = lib;
			sourceTree = "<group>";
		};
		9BCBD5DD23F0F94B00E6B9A2 /* AutoRotation */ = {
			isa = PBXGroup;
			children = (
				9BCBD5DE23F0F94B00E6B9A2 /* UIViewController+AutoRotation.h */,
				9BCBD5DF23F0F94B00E6B9A2 /* UIViewController+AutoRotation.m */,
				9BCBD5E023F0F94B00E6B9A2 /* AutoRotation.h */,
			);
			path = AutoRotation;
			sourceTree = "<group>";
		};
		C9784BE22118EBF400E12124 /* Frameworks */ = {
			isa = PBXGroup;
			children = (
				F087F33723F169F2004FBB4A /* CoreMotion.framework */,
				F087F33523F169E0004FBB4A /* OpenGLES.framework */,
				F087F33323F169BC004FBB4A /* AVFoundation.framework */,
				F087F33123F169B0004FBB4A /* AudioToolbox.framework */,
				F087F32F23F169A4004FBB4A /* SystemConfiguration.framework */,
				F087F32D23F16994004FBB4A /* CoreTelephony.framework */,
				F087F32B23F1694C004FBB4A /* PgyUpdate.framework */,
				F087F32923F16942004FBB4A /* PgySDK.framework */,
				F087F31923EE9DC2004FBB4A /* AvayaClientMedia.framework */,
				F087F31723EE9DBC004FBB4A /* AvayaClientServices.framework */,
				F087F31523EE9DB1004FBB4A /* RVVideoCodec.framework */,
				AC2840B08EC537F4AED060FD /* Pods_CommunicationSampleConferenceApp.framework */,
			);
			name = Frameworks;
			sourceTree = "<group>";
		};
		EE5010B01D0AD94B006552A7 = {
			isa = PBXGroup;
			children = (
				EE5010BB1D0AD94B006552A7 /* CommunicationSampleConferenceApp */,
				C9784BE22118EBF400E12124 /* Frameworks */,
				EE5010BA1D0AD94B006552A7 /* Products */,
				88CE87EFE34F1AA2858DFF90 /* Pods */,
			);
			sourceTree = "<group>";
		};
		EE5010BA1D0AD94B006552A7 /* Products */ = {
			isa = PBXGroup;
			children = (
				EE5010B91D0AD94B006552A7 /* 雷神山探视.app */,
			);
			name = Products;
			sourceTree = "<group>";
		};
		EE5010BB1D0AD94B006552A7 /* CommunicationSampleConferenceApp */ = {
			isa = PBXGroup;
			children = (
				9BCBD5DC23F0F93100E6B9A2 /* lib */,
				EE5010EF1D0ADBFC006552A7 /* Resources */,
				EE5011391D0ADF4E006552A7 /* helpers */,
				EEA458C01D2BC8DB00265E85 /* AppDelegate.h */,
				EEA458C11D2BC8DB00265E85 /* AppDelegate.m */,
				EEA458C21D2BC8DB00265E85 /* Assets.xcassets */,
				EEA458C31D2BC8DB00265E85 /* Info.plist */,
				EEEE10421D474D6A00980F46 /* Base.Iproj */,
				EE5011401D0E82AD006552A7 /* Client Services */,
				EE5011651D0E851D006552A7 /* view Controllers */,
				EE5010BC1D0AD94B006552A7 /* Supporting Files */,
			);
			path = CommunicationSampleConferenceApp;
			sourceTree = "<group>";
		};
		EE5010BC1D0AD94B006552A7 /* Supporting Files */ = {
			isa = PBXGroup;
			children = (
				EEA458F31D2BCA2D00265E85 /* main.m */,
			);
			name = "Supporting Files";
			sourceTree = "<group>";
		};
		EE5010EF1D0ADBFC006552A7 /* Resources */ = {
			isa = PBXGroup;
			children = (
				EE5010F01D0ADC25006552A7 /* Audio */,
			);
			name = Resources;
			sourceTree = "<group>";
		};
		EE5010F01D0ADC25006552A7 /* Audio */ = {
			isa = PBXGroup;
			children = (
				EEEE10131D473CA800980F46 /* reorder.wav */,
				EEEE10151D473CA800980F46 /* ringback.wav */,
			);
			name = Audio;
			sourceTree = "<group>";
		};
		EE5011391D0ADF4E006552A7 /* helpers */ = {
			isa = PBXGroup;
			children = (
				EEA458BA1D2BC88E00265E85 /* NotificationHelper.h */,
				EEA458BB1D2BC88E00265E85 /* NotificationHelper.m */,
			);
			name = helpers;
			sourceTree = "<group>";
		};
		EE5011401D0E82AD006552A7 /* Client Services */ = {
			isa = PBXGroup;
			children = (
				F087F34D23F17F2E004FBB4A /* AFNetworking */,
				F087F32623F157B3004FBB4A /* GNAudio.h */,
				F087F32723F157BA004FBB4A /* GNAudio.m */,
				F087F32323F03308004FBB4A /* CTRegex.h */,
				F087F32423F03311004FBB4A /* CTRegex.m */,
				3E8017E0207E3C35008925EE /* CSCall+Additions.h */,
				3E8017E1207E3C36008925EE /* CSCall+Additions.m */,
				DB1244861DD5905800350476 /* Constants.h */,
				DB1244871DD5905800350476 /* Constants.m */,
				EEA458CB1D2BC92D00265E85 /* ClientCredentialProvider.h */,
				EEA458CC1D2BC92D00265E85 /* ClientCredentialProvider.m */,
				EEA458CD1D2BC92D00265E85 /* MediaManager.h */,
				EEA458CE1D2BC92D00265E85 /* MediaManager.m */,
				EEA458CF1D2BC92D00265E85 /* SDKManager.h */,
				EEA458D01D2BC92D00265E85 /* SDKManager.m */,
				EE50114F1D0E847B006552A7 /* configuration */,
			);
			name = "Client Services";
			sourceTree = "<group>";
		};
		EE50114F1D0E847B006552A7 /* configuration */ = {
			isa = PBXGroup;
			children = (
				EEA458D51D2BC9D200265E85 /* ConfigData.h */,
				EEA458D61D2BC9D200265E85 /* ConfigData.m */,
			);
			name = configuration;
			sourceTree = "<group>";
		};
		EE5011651D0E851D006552A7 /* view Controllers */ = {
			isa = PBXGroup;
			children = (
				DF5064392206CF2F000E0491 /* HTTPCallServiceViewController.h */,
				DF50643A2206CF2F000E0491 /* HTTPCallServiceViewController.m */,
				EEA458D81D2BCA0D00265E85 /* ActiveCallViewController.h */,
				EEA458D91D2BCA0D00265E85 /* ActiveCallViewController.m */,
				EEEE10601D4B7C9E00980F46 /* VideoView.h */,
				EEEE10611D4B7C9E00980F46 /* VideoView.m */,
				DB4DCFBE1D73F44300274E16 /* ConferenceControlViewController.h */,
				DB4DCFBF1D73F44300274E16 /* ConferenceControlViewController.m */,
				DB2DFEB51DA282FA000D5E4E /* AboutViewController.h */,
				DB2DFEB61DA282FA000D5E4E /* AboutViewController.m */,
			);
			name = "view Controllers";
			sourceTree = "<group>";
		};
		EEEE10421D474D6A00980F46 /* Base.Iproj */ = {
			isa = PBXGroup;
			children = (
				EEEE10431D474D8800980F46 /* LaunchScreen.storyboard */,
				DB891A4E1D6B3B8F00245F57 /* Main.storyboard */,
			);
			name = Base.Iproj;
			sourceTree = "<group>";
		};
		F087F34D23F17F2E004FBB4A /* AFNetworking */ = {
			isa = PBXGroup;
			children = (
				F087F34E23F17F2E004FBB4A /* AFSecurityPolicy.h */,
				F087F34F23F17F2E004FBB4A /* AFNetworkReachabilityManager.h */,
				F087F35023F17F2E004FBB4A /* AFURLSessionManager.h */,
				F087F35123F17F2E004FBB4A /* AFURLRequestSerialization.h */,
				F087F35223F17F2E004FBB4A /* AFURLResponseSerialization.m */,
				F087F35323F17F2E004FBB4A /* AFHTTPSessionManager.m */,
				F087F35423F17F2E004FBB4A /* AFURLResponseSerialization.h */,
				F087F35523F17F2E004FBB4A /* AFURLSessionManager.m */,
				F087F35623F17F2E004FBB4A /* AFURLRequestSerialization.m */,
				F087F35723F17F2E004FBB4A /* AFNetworking.h */,
				F087F35823F17F2E004FBB4A /* AFNetworkReachabilityManager.m */,
				F087F35923F17F2E004FBB4A /* AFSecurityPolicy.m */,
				F087F35A23F17F2E004FBB4A /* AFHTTPSessionManager.h */,
			);
			path = AFNetworking;
			sourceTree = "<group>";
		};
/* End PBXGroup section */

/* Begin PBXNativeTarget section */
		EE5010B81D0AD94B006552A7 /* CommunicationSampleConferenceApp */ = {
			isa = PBXNativeTarget;
			buildConfigurationList = EE5010E61D0AD94B006552A7 /* Build configuration list for PBXNativeTarget "CommunicationSampleConferenceApp" */;
			buildPhases = (
				3A94B75BDDA63EE010EFB762 /* [CP] Check Pods Manifest.lock */,
				EE5010B51D0AD94B006552A7 /* Sources */,
				EE5010B61D0AD94B006552A7 /* Frameworks */,
				EE5010B71D0AD94B006552A7 /* Resources */,
				EEA458471D192E3600265E85 /* Embed Frameworks */,
			);
			buildRules = (
			);
			dependencies = (
			);
			name = CommunicationSampleConferenceApp;
			productName = CommunicationSampleConferenceApp;
			productReference = EE5010B91D0AD94B006552A7 /* 雷神山探视.app */;
			productType = "com.apple.product-type.application";
		};
/* End PBXNativeTarget section */

/* Begin PBXProject section */
		EE5010B11D0AD94B006552A7 /* Project object */ = {
			isa = PBXProject;
			attributes = {
				LastUpgradeCheck = 0800;
				ORGANIZATIONNAME = Avaya;
				TargetAttributes = {
					EE5010B81D0AD94B006552A7 = {
						CreatedOnToolsVersion = 7.3.1;
						DevelopmentTeam = 65744699E6;
						ProvisioningStyle = Automatic;
					};
				};
			};
			buildConfigurationList = EE5010B41D0AD94B006552A7 /* Build configuration list for PBXProject "CommunicationSampleConferenceApp" */;
			compatibilityVersion = "Xcode 3.2";
			developmentRegion = English;
			hasScannedForEncodings = 0;
			knownRegions = (
				English,
				en,
				Base,
			);
			mainGroup = EE5010B01D0AD94B006552A7;
			productRefGroup = EE5010BA1D0AD94B006552A7 /* Products */;
			projectDirPath = "";
			projectRoot = "";
			targets = (
				EE5010B81D0AD94B006552A7 /* CommunicationSampleConferenceApp */,
			);
		};
/* End PBXProject section */

/* Begin PBXResourcesBuildPhase section */
		EE5010B71D0AD94B006552A7 /* Resources */ = {
			isa = PBXResourcesBuildPhase;
			buildActionMask = 2147483647;
			files = (
				EEEE10351D473CA800980F46 /* reorder.wav in Resources */,
				DB891A501D6B3B8F00245F57 /* Main.storyboard in Resources */,
				EEA458C71D2BC8DB00265E85 /* Assets.xcassets in Resources */,
				EEEE10471D474D8800980F46 /* LaunchScreen.storyboard in Resources */,
				EEEE10371D473CA800980F46 /* ringback.wav in Resources */,
			);
			runOnlyForDeploymentPostprocessing = 0;
		};
/* End PBXResourcesBuildPhase section */

/* Begin PBXShellScriptBuildPhase section */
		3A94B75BDDA63EE010EFB762 /* [CP] Check Pods Manifest.lock */ = {
			isa = PBXShellScriptBuildPhase;
			buildActionMask = 2147483647;
			files = (
			);
			inputFileListPaths = (
			);
			inputPaths = (
				"${PODS_PODFILE_DIR_PATH}/Podfile.lock",
				"${PODS_ROOT}/Manifest.lock",
			);
			name = "[CP] Check Pods Manifest.lock";
			outputFileListPaths = (
			);
			outputPaths = (
				"$(DERIVED_FILE_DIR)/Pods-CommunicationSampleConferenceApp-checkManifestLockResult.txt",
			);
			runOnlyForDeploymentPostprocessing = 0;
			shellPath = /bin/sh;
			shellScript = "diff \"${PODS_PODFILE_DIR_PATH}/Podfile.lock\" \"${PODS_ROOT}/Manifest.lock\" > /dev/null\nif [ $? != 0 ] ; then\n    # print error to STDERR\n    echo \"error: The sandbox is not in sync with the Podfile.lock. Run 'pod install' or update your CocoaPods installation.\" >&2\n    exit 1\nfi\n# This output is used by Xcode 'outputs' to avoid re-running this script phase.\necho \"SUCCESS\" > \"${SCRIPT_OUTPUT_FILE_0}\"\n";
			showEnvVarsInLog = 0;
		};
/* End PBXShellScriptBuildPhase section */

/* Begin PBXSourcesBuildPhase section */
		EE5010B51D0AD94B006552A7 /* Sources */ = {
			isa = PBXSourcesBuildPhase;
			buildActionMask = 2147483647;
			files = (
				F087F32823F157BA004FBB4A /* GNAudio.m in Sources */,
				F087F35C23F17F2E004FBB4A /* AFHTTPSessionManager.m in Sources */,
				F087F36023F17F2E004FBB4A /* AFSecurityPolicy.m in Sources */,
				EEEE10621D4B7C9E00980F46 /* VideoView.m in Sources */,
				EEA458D21D2BC92D00265E85 /* MediaManager.m in Sources */,
				F087F32523F03311004FBB4A /* CTRegex.m in Sources */,
				F087F35D23F17F2E004FBB4A /* AFURLSessionManager.m in Sources */,
				EEA458D31D2BC92D00265E85 /* SDKManager.m in Sources */,
				DB1244881DD5905800350476 /* Constants.m in Sources */,
				DF50643B2206CF30000E0491 /* HTTPCallServiceViewController.m in Sources */,
				EEA458BE1D2BC88E00265E85 /* NotificationHelper.m in Sources */,
				EEA458C61D2BC8DB00265E85 /* AppDelegate.m in Sources */,
				EEA458EA1D2BCA0D00265E85 /* ActiveCallViewController.m in Sources */,
				F087F35E23F17F2E004FBB4A /* AFURLRequestSerialization.m in Sources */,
				F087F35B23F17F2E004FBB4A /* AFURLResponseSerialization.m in Sources */,
				DB2DFEB71DA282FA000D5E4E /* AboutViewController.m in Sources */,
				EEA458D11D2BC92D00265E85 /* ClientCredentialProvider.m in Sources */,
				9BCBD5E123F0F94B00E6B9A2 /* UIViewController+AutoRotation.m in Sources */,
				3E8017E2207E3C36008925EE /* CSCall+Additions.m in Sources */,
				DB4DCFC01D73F44300274E16 /* ConferenceControlViewController.m in Sources */,
				EEA458D71D2BC9D200265E85 /* ConfigData.m in Sources */,
				F087F35F23F17F2E004FBB4A /* AFNetworkReachabilityManager.m in Sources */,
				EEA458F41D2BCA2D00265E85 /* main.m in Sources */,
			);
			runOnlyForDeploymentPostprocessing = 0;
		};
/* End PBXSourcesBuildPhase section */

/* Begin PBXVariantGroup section */
		DB891A4E1D6B3B8F00245F57 /* Main.storyboard */ = {
			isa = PBXVariantGroup;
			children = (
				DB891A4F1D6B3B8F00245F57 /* Base */,
			);
			name = Main.storyboard;
			sourceTree = "<group>";
		};
		EEEE10431D474D8800980F46 /* LaunchScreen.storyboard */ = {
			isa = PBXVariantGroup;
			children = (
				EEEE10441D474D8800980F46 /* Base */,
			);
			name = LaunchScreen.storyboard;
			sourceTree = "<group>";
		};
/* End PBXVariantGroup section */

/* Begin XCBuildConfiguration section */
		EE5010E41D0AD94B006552A7 /* Debug */ = {
			isa = XCBuildConfiguration;
			buildSettings = {
				ALWAYS_SEARCH_USER_PATHS = NO;
				CLANG_ANALYZER_NONNULL = YES;
				CLANG_CXX_LANGUAGE_STANDARD = "gnu++0x";
				CLANG_CXX_LIBRARY = "libc++";
				CLANG_ENABLE_MODULES = YES;
				CLANG_ENABLE_OBJC_ARC = YES;
				CLANG_WARN_BOOL_CONVERSION = YES;
				CLANG_WARN_CONSTANT_CONVERSION = YES;
				CLANG_WARN_DIRECT_OBJC_ISA_USAGE = YES_ERROR;
				CLANG_WARN_EMPTY_BODY = YES;
				CLANG_WARN_ENUM_CONVERSION = YES;
				CLANG_WARN_INFINITE_RECURSION = YES;
				CLANG_WARN_INT_CONVERSION = YES;
				CLANG_WARN_OBJC_ROOT_CLASS = YES_ERROR;
				CLANG_WARN_SUSPICIOUS_MOVE = YES;
				CLANG_WARN_UNREACHABLE_CODE = YES;
				CLANG_WARN__DUPLICATE_METHOD_MATCH = YES;
				"CODE_SIGN_IDENTITY[sdk=iphoneos*]" = "";
				COPY_PHASE_STRIP = NO;
				DEBUG_INFORMATION_FORMAT = dwarf;
				ENABLE_STRICT_OBJC_MSGSEND = YES;
				ENABLE_TESTABILITY = YES;
				GCC_C_LANGUAGE_STANDARD = gnu99;
				GCC_DYNAMIC_NO_PIC = NO;
				GCC_NO_COMMON_BLOCKS = YES;
				GCC_OPTIMIZATION_LEVEL = 0;
				GCC_PREPROCESSOR_DEFINITIONS = (
					"DEBUG=1",
					"$(inherited)",
				);
				GCC_WARN_64_TO_32_BIT_CONVERSION = YES;
				GCC_WARN_ABOUT_RETURN_TYPE = YES_ERROR;
				GCC_WARN_UNDECLARED_SELECTOR = YES;
				GCC_WARN_UNINITIALIZED_AUTOS = YES_AGGRESSIVE;
				GCC_WARN_UNUSED_FUNCTION = YES;
				GCC_WARN_UNUSED_VARIABLE = YES;
				IPHONEOS_DEPLOYMENT_TARGET = 11.0;
				MTL_ENABLE_DEBUG_INFO = YES;
				ONLY_ACTIVE_ARCH = YES;
				SDKROOT = iphoneos;
			};
			name = Debug;
		};
		EE5010E51D0AD94B006552A7 /* Release */ = {
			isa = XCBuildConfiguration;
			buildSettings = {
				ALWAYS_SEARCH_USER_PATHS = NO;
				CLANG_ANALYZER_NONNULL = YES;
				CLANG_CXX_LANGUAGE_STANDARD = "gnu++0x";
				CLANG_CXX_LIBRARY = "libc++";
				CLANG_ENABLE_MODULES = YES;
				CLANG_ENABLE_OBJC_ARC = YES;
				CLANG_WARN_BOOL_CONVERSION = YES;
				CLANG_WARN_CONSTANT_CONVERSION = YES;
				CLANG_WARN_DIRECT_OBJC_ISA_USAGE = YES_ERROR;
				CLANG_WARN_EMPTY_BODY = YES;
				CLANG_WARN_ENUM_CONVERSION = YES;
				CLANG_WARN_INFINITE_RECURSION = YES;
				CLANG_WARN_INT_CONVERSION = YES;
				CLANG_WARN_OBJC_ROOT_CLASS = YES_ERROR;
				CLANG_WARN_SUSPICIOUS_MOVE = YES;
				CLANG_WARN_UNREACHABLE_CODE = YES;
				CLANG_WARN__DUPLICATE_METHOD_MATCH = YES;
				"CODE_SIGN_IDENTITY[sdk=iphoneos*]" = "";
				COPY_PHASE_STRIP = NO;
				DEBUG_INFORMATION_FORMAT = "dwarf-with-dsym";
				ENABLE_NS_ASSERTIONS = NO;
				ENABLE_STRICT_OBJC_MSGSEND = YES;
				GCC_C_LANGUAGE_STANDARD = gnu99;
				GCC_NO_COMMON_BLOCKS = YES;
				GCC_WARN_64_TO_32_BIT_CONVERSION = YES;
				GCC_WARN_ABOUT_RETURN_TYPE = YES_ERROR;
				GCC_WARN_UNDECLARED_SELECTOR = YES;
				GCC_WARN_UNINITIALIZED_AUTOS = YES_AGGRESSIVE;
				GCC_WARN_UNUSED_FUNCTION = YES;
				GCC_WARN_UNUSED_VARIABLE = YES;
				IPHONEOS_DEPLOYMENT_TARGET = 11.0;
				MTL_ENABLE_DEBUG_INFO = NO;
				SDKROOT = iphoneos;
				VALIDATE_PRODUCT = YES;
			};
			name = Release;
		};
		EE5010E71D0AD94B006552A7 /* Debug */ = {
			isa = XCBuildConfiguration;
			baseConfigurationReference = 3FA8824EA688CB1D45CEE0F6 /* Pods-CommunicationSampleConferenceApp.debug.xcconfig */;
			buildSettings = {
				ASSETCATALOG_COMPILER_APPICON_NAME = AppIcon;
				"CODE_SIGN_IDENTITY[sdk=iphoneos*]" = "iPhone Developer";
				DEVELOPMENT_TEAM = 65744699E6;
				ENABLE_BITCODE = NO;
				FRAMEWORK_SEARCH_PATHS = (
					"$(PROJECT_DIR)/../sdk/",
					"$(PROJECT_DIR)",
				);
				INFOPLIST_FILE = CommunicationSampleConferenceApp/Info.plist;
				IPHONEOS_DEPLOYMENT_TARGET = 11.0;
				LD_RUNPATH_SEARCH_PATHS = "$(inherited) @executable_path/Frameworks";
				PRODUCT_BUNDLE_IDENTIFIER = com.changhongit.tanshiApp;
				PRODUCT_NAME = "雷神山探视";
				TARGETED_DEVICE_FAMILY = "1,2";
			};
			name = Debug;
		};
		EE5010E81D0AD94B006552A7 /* Release */ = {
			isa = XCBuildConfiguration;
			baseConfigurationReference = E63B7EED858164381E078A60 /* Pods-CommunicationSampleConferenceApp.release.xcconfig */;
			buildSettings = {
				ASSETCATALOG_COMPILER_APPICON_NAME = AppIcon;
				"CODE_SIGN_IDENTITY[sdk=iphoneos*]" = "iPhone Developer";
				DEVELOPMENT_TEAM = 65744699E6;
				ENABLE_BITCODE = NO;
				FRAMEWORK_SEARCH_PATHS = (
					"$(PROJECT_DIR)/../sdk/",
					"$(PROJECT_DIR)",
				);
				INFOPLIST_FILE = CommunicationSampleConferenceApp/Info.plist;
				IPHONEOS_DEPLOYMENT_TARGET = 11.0;
				LD_RUNPATH_SEARCH_PATHS = "$(inherited) @executable_path/Frameworks";
				PRODUCT_BUNDLE_IDENTIFIER = com.changhongit.tanshiApp;
				PRODUCT_NAME = "雷神山探视";
				TARGETED_DEVICE_FAMILY = "1,2";
			};
			name = Release;
		};
/* End XCBuildConfiguration section */

/* Begin XCConfigurationList section */
		EE5010B41D0AD94B006552A7 /* Build configuration list for PBXProject "CommunicationSampleConferenceApp" */ = {
			isa = XCConfigurationList;
			buildConfigurations = (
				EE5010E41D0AD94B006552A7 /* Debug */,
				EE5010E51D0AD94B006552A7 /* Release */,
			);
			defaultConfigurationIsVisible = 0;
			defaultConfigurationName = Release;
		};
		EE5010E61D0AD94B006552A7 /* Build configuration list for PBXNativeTarget "CommunicationSampleConferenceApp" */ = {
			isa = XCConfigurationList;
			buildConfigurations = (
				EE5010E71D0AD94B006552A7 /* Debug */,
				EE5010E81D0AD94B006552A7 /* Release */,
			);
			defaultConfigurationIsVisible = 0;
			defaultConfigurationName = Release;
		};
/* End XCConfigurationList section */
	};
	rootObject = EE5010B11D0AD94B006552A7 /* Project object */;
}
